// !$*UTF8*$!
{
	archiveVersion = 1;
	classes = {
	};
	objectVersion = 56;
	objects = {

/* Begin PBXBuildFile section */
		57B115C2D93C9324DC42BDC4 /* Pods_AllAboutFood.framework in Frameworks */ = {isa = PBXBuildFile; fileRef = C07A57C25A259B63D96EA0BB /* Pods_AllAboutFood.framework */; };
		7DD4C557C0DB76645A5D4FFE /* Pods_AllAboutFoodTests.framework in Frameworks */ = {isa = PBXBuildFile; fileRef = 21FA3B5F3EB6282C04977F94 /* Pods_AllAboutFoodTests.framework */; };
		898BF0F40D45799E43BA3045 /* Pods_AllAboutFood_AllAboutFoodUITests.framework in Frameworks */ = {isa = PBXBuildFile; fileRef = FDC024E55B3683BC82AF5B88 /* Pods_AllAboutFood_AllAboutFoodUITests.framework */; };
		BA131C182ABF75B50031DCF3 /* UIImageView+Extension.swift in Sources */ = {isa = PBXBuildFile; fileRef = BA131C172ABF75B50031DCF3 /* UIImageView+Extension.swift */; };
		BA131C1E2ABF7ECC0031DCF3 /* Loader.swift in Sources */ = {isa = PBXBuildFile; fileRef = BA131C1D2ABF7ECC0031DCF3 /* Loader.swift */; };
		BA131C212ABF80ED0031DCF3 /* Lottie in Frameworks */ = {isa = PBXBuildFile; productRef = BA131C202ABF80ED0031DCF3 /* Lottie */; };
		BA131C252ABF87160031DCF3 /* NetworkGoogleManager.swift in Sources */ = {isa = PBXBuildFile; fileRef = BA131C242ABF87160031DCF3 /* NetworkGoogleManager.swift */; };
		BA131C272ABF8A8F0031DCF3 /* DetailViewController.swift in Sources */ = {isa = PBXBuildFile; fileRef = BA131C262ABF8A8F0031DCF3 /* DetailViewController.swift */; };
		BA131C2A2ABF8B970031DCF3 /* ImageCollectionViewCell.swift in Sources */ = {isa = PBXBuildFile; fileRef = BA131C282ABF8B970031DCF3 /* ImageCollectionViewCell.swift */; };
		BA131C2B2ABF8B970031DCF3 /* ImageCollectionViewCell.xib in Resources */ = {isa = PBXBuildFile; fileRef = BA131C292ABF8B970031DCF3 /* ImageCollectionViewCell.xib */; };
		BA131C2D2ABF9B910031DCF3 /* NetworkFoodApiManager.swift in Sources */ = {isa = PBXBuildFile; fileRef = BA131C2C2ABF9B910031DCF3 /* NetworkFoodApiManager.swift */; };
		BA131C2F2ABFA3630031DCF3 /* FoodNutrientSource.swift in Sources */ = {isa = PBXBuildFile; fileRef = BA131C2E2ABFA3630031DCF3 /* FoodNutrientSource.swift */; };
		BA131C312ABFA3F50031DCF3 /* NutrientAnalysisDetails.swift in Sources */ = {isa = PBXBuildFile; fileRef = BA131C302ABFA3F50031DCF3 /* NutrientAnalysisDetails.swift */; };
		BA131C332ABFA5040031DCF3 /* NutrientAcquisitionDetails.swift in Sources */ = {isa = PBXBuildFile; fileRef = BA131C322ABFA5040031DCF3 /* NutrientAcquisitionDetails.swift */; };
		BA131C382ABFB5390031DCF3 /* NutrientsTableViewCell.swift in Sources */ = {isa = PBXBuildFile; fileRef = BA131C362ABFB5390031DCF3 /* NutrientsTableViewCell.swift */; };
		BA131C392ABFB5390031DCF3 /* NutrientsTableViewCell.xib in Resources */ = {isa = PBXBuildFile; fileRef = BA131C372ABFB5390031DCF3 /* NutrientsTableViewCell.xib */; };
		BA131C3B2ABFC1A90031DCF3 /* InfoViewController.swift in Sources */ = {isa = PBXBuildFile; fileRef = BA131C3A2ABFC1A90031DCF3 /* InfoViewController.swift */; };
		BA131C3E2ABFF5CA0031DCF3 /* Alamofire in Frameworks */ = {isa = PBXBuildFile; productRef = BA131C3D2ABFF5CA0031DCF3 /* Alamofire */; };
		BA7FF9ED2AC138E200A15F33 /* ProfileViewController.swift in Sources */ = {isa = PBXBuildFile; fileRef = BA7FF9EB2AC138E200A15F33 /* ProfileViewController.swift */; };
		BA7FF9EE2AC138E200A15F33 /* ProfileViewController.xib in Resources */ = {isa = PBXBuildFile; fileRef = BA7FF9EC2AC138E200A15F33 /* ProfileViewController.xib */; };
		BA7FF9F22AC1397000A15F33 /* ConfigurationViewController.swift in Sources */ = {isa = PBXBuildFile; fileRef = BA7FF9F02AC1397000A15F33 /* ConfigurationViewController.swift */; };
		BA7FF9F32AC1397000A15F33 /* ConfigurationViewController.xib in Resources */ = {isa = PBXBuildFile; fileRef = BA7FF9F12AC1397000A15F33 /* ConfigurationViewController.xib */; };
		BA7FF9F62AC13A0500A15F33 /* HomeViewController.swift in Sources */ = {isa = PBXBuildFile; fileRef = BA7FF9F42AC13A0500A15F33 /* HomeViewController.swift */; };
		BA7FF9F72AC13A0500A15F33 /* HomeViewController.xib in Resources */ = {isa = PBXBuildFile; fileRef = BA7FF9F52AC13A0500A15F33 /* HomeViewController.xib */; };
		BA7FF9FA2AC13A5900A15F33 /* FinderViewController.swift in Sources */ = {isa = PBXBuildFile; fileRef = BA7FF9F82AC13A5900A15F33 /* FinderViewController.swift */; };
		BA7FF9FB2AC13A5900A15F33 /* FinderViewController.xib in Resources */ = {isa = PBXBuildFile; fileRef = BA7FF9F92AC13A5900A15F33 /* FinderViewController.xib */; };
		BA802F5F2ABE53CD0087BC6A /* AppDelegate.swift in Sources */ = {isa = PBXBuildFile; fileRef = BA802F5E2ABE53CD0087BC6A /* AppDelegate.swift */; };
		BA802F612ABE53CD0087BC6A /* SceneDelegate.swift in Sources */ = {isa = PBXBuildFile; fileRef = BA802F602ABE53CD0087BC6A /* SceneDelegate.swift */; };
		BA802F662ABE53CD0087BC6A /* Main.storyboard in Resources */ = {isa = PBXBuildFile; fileRef = BA802F642ABE53CD0087BC6A /* Main.storyboard */; };
		BA802F682ABE53D00087BC6A /* Assets.xcassets in Resources */ = {isa = PBXBuildFile; fileRef = BA802F672ABE53D00087BC6A /* Assets.xcassets */; };
		BA802F6B2ABE53D00087BC6A /* LaunchScreen.storyboard in Resources */ = {isa = PBXBuildFile; fileRef = BA802F692ABE53D00087BC6A /* LaunchScreen.storyboard */; };
		BA802F762ABE53D10087BC6A /* AllAboutFoodTests.swift in Sources */ = {isa = PBXBuildFile; fileRef = BA802F752ABE53D10087BC6A /* AllAboutFoodTests.swift */; };
		BA802F802ABE53D10087BC6A /* AllAboutFoodUITests.swift in Sources */ = {isa = PBXBuildFile; fileRef = BA802F7F2ABE53D10087BC6A /* AllAboutFoodUITests.swift */; };
		BA802F822ABE53D10087BC6A /* AllAboutFoodUITestsLaunchTests.swift in Sources */ = {isa = PBXBuildFile; fileRef = BA802F812ABE53D10087BC6A /* AllAboutFoodUITestsLaunchTests.swift */; };
		BA802F902ABE53F80087BC6A /* Food.swift in Sources */ = {isa = PBXBuildFile; fileRef = BA802F8F2ABE53F80087BC6A /* Food.swift */; };
		BA802F922ABE58200087BC6A /* FoodComponent.swift in Sources */ = {isa = PBXBuildFile; fileRef = BA802F912ABE58200087BC6A /* FoodComponent.swift */; };
		BA802F942ABE583F0087BC6A /* FoodAttributeType.swift in Sources */ = {isa = PBXBuildFile; fileRef = BA802F932ABE583F0087BC6A /* FoodAttributeType.swift */; };
		BA802F962ABE585A0087BC6A /* FoodAttribute.swift in Sources */ = {isa = PBXBuildFile; fileRef = BA802F952ABE585A0087BC6A /* FoodAttribute.swift */; };
		BA802F982ABE58A00087BC6A /* MeasureUnit.swift in Sources */ = {isa = PBXBuildFile; fileRef = BA802F972ABE58A00087BC6A /* MeasureUnit.swift */; };
		BA802F9A2ABE58BB0087BC6A /* FoodPortion.swift in Sources */ = {isa = PBXBuildFile; fileRef = BA802F992ABE58BB0087BC6A /* FoodPortion.swift */; };
		BA802F9C2ABE58E00087BC6A /* FoodNutrient.swift in Sources */ = {isa = PBXBuildFile; fileRef = BA802F9B2ABE58E00087BC6A /* FoodNutrient.swift */; };
		BA802F9E2ABE58F70087BC6A /* Nutrient.swift in Sources */ = {isa = PBXBuildFile; fileRef = BA802F9D2ABE58F70087BC6A /* Nutrient.swift */; };
		BA802FA02ABE59100087BC6A /* FoodNutrientDerivation.swift in Sources */ = {isa = PBXBuildFile; fileRef = BA802F9F2ABE59100087BC6A /* FoodNutrientDerivation.swift */; };
		BA802FA22ABE59420087BC6A /* FoodUpdateLog.swift in Sources */ = {isa = PBXBuildFile; fileRef = BA802FA12ABE59420087BC6A /* FoodUpdateLog.swift */; };
		BA802FA42ABE59680087BC6A /* LabelNutrient.swift in Sources */ = {isa = PBXBuildFile; fileRef = BA802FA32ABE59670087BC6A /* LabelNutrient.swift */; };
		BA802FA72ABE59E70087BC6A /* Network.swift in Sources */ = {isa = PBXBuildFile; fileRef = BA802FA62ABE59E70087BC6A /* Network.swift */; };
		BA802FA92ABE5A990087BC6A /* ConstantsURLs.swift in Sources */ = {isa = PBXBuildFile; fileRef = BA802FA82ABE5A990087BC6A /* ConstantsURLs.swift */; };
		BA802FAD2ABE6AB80087BC6A /* URLDetails.swift in Sources */ = {isa = PBXBuildFile; fileRef = BA802FAC2ABE6AB80087BC6A /* URLDetails.swift */; };
		BA802FB22ABE6AE80087BC6A /* QueryDetails.swift in Sources */ = {isa = PBXBuildFile; fileRef = BA802FB12ABE6AE80087BC6A /* QueryDetails.swift */; };
		BA802FB42ABE6AFE0087BC6A /* RequestDetails.swift in Sources */ = {isa = PBXBuildFile; fileRef = BA802FB32ABE6AFE0087BC6A /* RequestDetails.swift */; };
		BA802FB62ABE6B110087BC6A /* ContextDetails.swift in Sources */ = {isa = PBXBuildFile; fileRef = BA802FB52ABE6B110087BC6A /* ContextDetails.swift */; };
		BA802FB82ABE6B230087BC6A /* SearchInformation.swift in Sources */ = {isa = PBXBuildFile; fileRef = BA802FB72ABE6B230087BC6A /* SearchInformation.swift */; };
		BA802FBA2ABE6B380087BC6A /* ImageResult.swift in Sources */ = {isa = PBXBuildFile; fileRef = BA802FB92ABE6B380087BC6A /* ImageResult.swift */; };
		BA802FBC2ABE6B560087BC6A /* ImageDetails.swift in Sources */ = {isa = PBXBuildFile; fileRef = BA802FBB2ABE6B560087BC6A /* ImageDetails.swift */; };
		BA802FC02ABE6BAD0087BC6A /* ImageQuery.swift in Sources */ = {isa = PBXBuildFile; fileRef = BA802FBF2ABE6BAD0087BC6A /* ImageQuery.swift */; };
		BA802FC32ABE6DC00087BC6A /* Kingfisher in Frameworks */ = {isa = PBXBuildFile; productRef = BA802FC22ABE6DC00087BC6A /* Kingfisher */; };
		BA802FC72ABE70DB0087BC6A /* FoodTableViewCell.swift in Sources */ = {isa = PBXBuildFile; fileRef = BA802FC52ABE70DB0087BC6A /* FoodTableViewCell.swift */; };
		BA802FC82ABE70DB0087BC6A /* FoodTableViewCell.xib in Resources */ = {isa = PBXBuildFile; fileRef = BA802FC62ABE70DB0087BC6A /* FoodTableViewCell.xib */; };
		BAC480982AC0A2D000FC30FB /* HeaderDetailTable.swift in Sources */ = {isa = PBXBuildFile; fileRef = BAC480972AC0A2D000FC30FB /* HeaderDetailTable.swift */; };
		BAC4809B2AC0AFCD00FC30FB /* Loader.xib in Resources */ = {isa = PBXBuildFile; fileRef = BAC4809A2AC0AFCC00FC30FB /* Loader.xib */; };
		BAC4809D2AC0B13700FC30FB /* UIView+Extension.swift in Sources */ = {isa = PBXBuildFile; fileRef = BAC4809C2AC0B13700FC30FB /* UIView+Extension.swift */; };
		BAC480A12AC0C11A00FC30FB /* loader.json in Resources */ = {isa = PBXBuildFile; fileRef = BAC480A02AC0C11900FC30FB /* loader.json */; };
		BAC480DF2AC0C5D100FC30FB /* LoginViewController.swift in Sources */ = {isa = PBXBuildFile; fileRef = BAC480DE2AC0C5D100FC30FB /* LoginViewController.swift */; };
		BAC480E52AC0CF5300FC30FB /* TabBarHomeController.swift in Sources */ = {isa = PBXBuildFile; fileRef = BAC480E42AC0CF5300FC30FB /* TabBarHomeController.swift */; };
		BAC480E72AC12FF600FC30FB /* UIAplication+Extension.swift in Sources */ = {isa = PBXBuildFile; fileRef = BAC480E62AC12FF600FC30FB /* UIAplication+Extension.swift */; };
		BAC480F92AC136F800FC30FB /* InfoViewController.xib in Resources */ = {isa = PBXBuildFile; fileRef = BAC480F82AC136F800FC30FB /* InfoViewController.xib */; };
		BAC480FC2AC1373300FC30FB /* DetailViewController.xib in Resources */ = {isa = PBXBuildFile; fileRef = BAC480FB2AC1373300FC30FB /* DetailViewController.xib */; };
/* End PBXBuildFile section */

/* Begin PBXContainerItemProxy section */
		BA802F722ABE53D10087BC6A /* PBXContainerItemProxy */ = {
			isa = PBXContainerItemProxy;
			containerPortal = BA802F532ABE53CD0087BC6A /* Project object */;
			proxyType = 1;
			remoteGlobalIDString = BA802F5A2ABE53CD0087BC6A;
			remoteInfo = AllAboutFood;
		};
		BA802F7C2ABE53D10087BC6A /* PBXContainerItemProxy */ = {
			isa = PBXContainerItemProxy;
			containerPortal = BA802F532ABE53CD0087BC6A /* Project object */;
			proxyType = 1;
			remoteGlobalIDString = BA802F5A2ABE53CD0087BC6A;
			remoteInfo = AllAboutFood;
		};
/* End PBXContainerItemProxy section */

/* Begin PBXFileReference section */
		0A5856D2F89E1CC30D6908A0 /* Pods-AllAboutFood.release.xcconfig */ = {isa = PBXFileReference; includeInIndex = 1; lastKnownFileType = text.xcconfig; name = "Pods-AllAboutFood.release.xcconfig"; path = "Target Support Files/Pods-AllAboutFood/Pods-AllAboutFood.release.xcconfig"; sourceTree = "<group>"; };
		21FA3B5F3EB6282C04977F94 /* Pods_AllAboutFoodTests.framework */ = {isa = PBXFileReference; explicitFileType = wrapper.framework; includeInIndex = 0; path = Pods_AllAboutFoodTests.framework; sourceTree = BUILT_PRODUCTS_DIR; };
		50083B79FCE635AB15183CEB /* Pods-AllAboutFoodTests.release.xcconfig */ = {isa = PBXFileReference; includeInIndex = 1; lastKnownFileType = text.xcconfig; name = "Pods-AllAboutFoodTests.release.xcconfig"; path = "Target Support Files/Pods-AllAboutFoodTests/Pods-AllAboutFoodTests.release.xcconfig"; sourceTree = "<group>"; };
		83FB3F4528D3755C13969D34 /* Pods-AllAboutFood-AllAboutFoodUITests.release.xcconfig */ = {isa = PBXFileReference; includeInIndex = 1; lastKnownFileType = text.xcconfig; name = "Pods-AllAboutFood-AllAboutFoodUITests.release.xcconfig"; path = "Target Support Files/Pods-AllAboutFood-AllAboutFoodUITests/Pods-AllAboutFood-AllAboutFoodUITests.release.xcconfig"; sourceTree = "<group>"; };
		9AEE485778C595610B59CE66 /* Pods-AllAboutFood.debug.xcconfig */ = {isa = PBXFileReference; includeInIndex = 1; lastKnownFileType = text.xcconfig; name = "Pods-AllAboutFood.debug.xcconfig"; path = "Target Support Files/Pods-AllAboutFood/Pods-AllAboutFood.debug.xcconfig"; sourceTree = "<group>"; };
		B2EEAD39D2A9F8E058074364 /* Pods-AllAboutFood-AllAboutFoodUITests.debug.xcconfig */ = {isa = PBXFileReference; includeInIndex = 1; lastKnownFileType = text.xcconfig; name = "Pods-AllAboutFood-AllAboutFoodUITests.debug.xcconfig"; path = "Target Support Files/Pods-AllAboutFood-AllAboutFoodUITests/Pods-AllAboutFood-AllAboutFoodUITests.debug.xcconfig"; sourceTree = "<group>"; };
		BA131C172ABF75B50031DCF3 /* UIImageView+Extension.swift */ = {isa = PBXFileReference; lastKnownFileType = sourcecode.swift; path = "UIImageView+Extension.swift"; sourceTree = "<group>"; };
		BA131C1D2ABF7ECC0031DCF3 /* Loader.swift */ = {isa = PBXFileReference; lastKnownFileType = sourcecode.swift; path = Loader.swift; sourceTree = "<group>"; };
		BA131C242ABF87160031DCF3 /* NetworkGoogleManager.swift */ = {isa = PBXFileReference; lastKnownFileType = sourcecode.swift; path = NetworkGoogleManager.swift; sourceTree = "<group>"; };
		BA131C262ABF8A8F0031DCF3 /* DetailViewController.swift */ = {isa = PBXFileReference; lastKnownFileType = sourcecode.swift; path = DetailViewController.swift; sourceTree = "<group>"; };
		BA131C282ABF8B970031DCF3 /* ImageCollectionViewCell.swift */ = {isa = PBXFileReference; lastKnownFileType = sourcecode.swift; path = ImageCollectionViewCell.swift; sourceTree = "<group>"; };
		BA131C292ABF8B970031DCF3 /* ImageCollectionViewCell.xib */ = {isa = PBXFileReference; lastKnownFileType = file.xib; path = ImageCollectionViewCell.xib; sourceTree = "<group>"; };
		BA131C2C2ABF9B910031DCF3 /* NetworkFoodApiManager.swift */ = {isa = PBXFileReference; lastKnownFileType = sourcecode.swift; path = NetworkFoodApiManager.swift; sourceTree = "<group>"; };
		BA131C2E2ABFA3630031DCF3 /* FoodNutrientSource.swift */ = {isa = PBXFileReference; lastKnownFileType = sourcecode.swift; path = FoodNutrientSource.swift; sourceTree = "<group>"; };
		BA131C302ABFA3F50031DCF3 /* NutrientAnalysisDetails.swift */ = {isa = PBXFileReference; lastKnownFileType = sourcecode.swift; path = NutrientAnalysisDetails.swift; sourceTree = "<group>"; };
		BA131C322ABFA5040031DCF3 /* NutrientAcquisitionDetails.swift */ = {isa = PBXFileReference; lastKnownFileType = sourcecode.swift; path = NutrientAcquisitionDetails.swift; sourceTree = "<group>"; };
		BA131C362ABFB5390031DCF3 /* NutrientsTableViewCell.swift */ = {isa = PBXFileReference; lastKnownFileType = sourcecode.swift; path = NutrientsTableViewCell.swift; sourceTree = "<group>"; };
		BA131C372ABFB5390031DCF3 /* NutrientsTableViewCell.xib */ = {isa = PBXFileReference; lastKnownFileType = file.xib; path = NutrientsTableViewCell.xib; sourceTree = "<group>"; };
		BA131C3A2ABFC1A90031DCF3 /* InfoViewController.swift */ = {isa = PBXFileReference; lastKnownFileType = sourcecode.swift; path = InfoViewController.swift; sourceTree = "<group>"; };
		BA7FF9EB2AC138E200A15F33 /* ProfileViewController.swift */ = {isa = PBXFileReference; lastKnownFileType = sourcecode.swift; path = ProfileViewController.swift; sourceTree = "<group>"; };
		BA7FF9EC2AC138E200A15F33 /* ProfileViewController.xib */ = {isa = PBXFileReference; lastKnownFileType = file.xib; path = ProfileViewController.xib; sourceTree = "<group>"; };
		BA7FF9F02AC1397000A15F33 /* ConfigurationViewController.swift */ = {isa = PBXFileReference; lastKnownFileType = sourcecode.swift; path = ConfigurationViewController.swift; sourceTree = "<group>"; };
		BA7FF9F12AC1397000A15F33 /* ConfigurationViewController.xib */ = {isa = PBXFileReference; lastKnownFileType = file.xib; path = ConfigurationViewController.xib; sourceTree = "<group>"; };
		BA7FF9F42AC13A0500A15F33 /* HomeViewController.swift */ = {isa = PBXFileReference; lastKnownFileType = sourcecode.swift; path = HomeViewController.swift; sourceTree = "<group>"; };
		BA7FF9F52AC13A0500A15F33 /* HomeViewController.xib */ = {isa = PBXFileReference; lastKnownFileType = file.xib; path = HomeViewController.xib; sourceTree = "<group>"; };
		BA7FF9F82AC13A5900A15F33 /* FinderViewController.swift */ = {isa = PBXFileReference; lastKnownFileType = sourcecode.swift; path = FinderViewController.swift; sourceTree = "<group>"; };
		BA7FF9F92AC13A5900A15F33 /* FinderViewController.xib */ = {isa = PBXFileReference; lastKnownFileType = file.xib; path = FinderViewController.xib; sourceTree = "<group>"; };
		BA802F5B2ABE53CD0087BC6A /* AllAboutFood.app */ = {isa = PBXFileReference; explicitFileType = wrapper.application; includeInIndex = 0; path = AllAboutFood.app; sourceTree = BUILT_PRODUCTS_DIR; };
		BA802F5E2ABE53CD0087BC6A /* AppDelegate.swift */ = {isa = PBXFileReference; lastKnownFileType = sourcecode.swift; path = AppDelegate.swift; sourceTree = "<group>"; };
		BA802F602ABE53CD0087BC6A /* SceneDelegate.swift */ = {isa = PBXFileReference; lastKnownFileType = sourcecode.swift; path = SceneDelegate.swift; sourceTree = "<group>"; };
		BA802F652ABE53CD0087BC6A /* Base */ = {isa = PBXFileReference; lastKnownFileType = file.storyboard; name = Base; path = Base.lproj/Main.storyboard; sourceTree = "<group>"; };
		BA802F672ABE53D00087BC6A /* Assets.xcassets */ = {isa = PBXFileReference; lastKnownFileType = folder.assetcatalog; path = Assets.xcassets; sourceTree = "<group>"; };
		BA802F6A2ABE53D00087BC6A /* Base */ = {isa = PBXFileReference; lastKnownFileType = file.storyboard; name = Base; path = Base.lproj/LaunchScreen.storyboard; sourceTree = "<group>"; };
		BA802F6C2ABE53D00087BC6A /* Info.plist */ = {isa = PBXFileReference; lastKnownFileType = text.plist.xml; path = Info.plist; sourceTree = "<group>"; };
		BA802F712ABE53D10087BC6A /* AllAboutFoodTests.xctest */ = {isa = PBXFileReference; explicitFileType = wrapper.cfbundle; includeInIndex = 0; path = AllAboutFoodTests.xctest; sourceTree = BUILT_PRODUCTS_DIR; };
		BA802F752ABE53D10087BC6A /* AllAboutFoodTests.swift */ = {isa = PBXFileReference; lastKnownFileType = sourcecode.swift; path = AllAboutFoodTests.swift; sourceTree = "<group>"; };
		BA802F7B2ABE53D10087BC6A /* AllAboutFoodUITests.xctest */ = {isa = PBXFileReference; explicitFileType = wrapper.cfbundle; includeInIndex = 0; path = AllAboutFoodUITests.xctest; sourceTree = BUILT_PRODUCTS_DIR; };
		BA802F7F2ABE53D10087BC6A /* AllAboutFoodUITests.swift */ = {isa = PBXFileReference; lastKnownFileType = sourcecode.swift; path = AllAboutFoodUITests.swift; sourceTree = "<group>"; };
		BA802F812ABE53D10087BC6A /* AllAboutFoodUITestsLaunchTests.swift */ = {isa = PBXFileReference; lastKnownFileType = sourcecode.swift; path = AllAboutFoodUITestsLaunchTests.swift; sourceTree = "<group>"; };
		BA802F8F2ABE53F80087BC6A /* Food.swift */ = {isa = PBXFileReference; lastKnownFileType = sourcecode.swift; path = Food.swift; sourceTree = "<group>"; };
		BA802F912ABE58200087BC6A /* FoodComponent.swift */ = {isa = PBXFileReference; lastKnownFileType = sourcecode.swift; path = FoodComponent.swift; sourceTree = "<group>"; };
		BA802F932ABE583F0087BC6A /* FoodAttributeType.swift */ = {isa = PBXFileReference; lastKnownFileType = sourcecode.swift; path = FoodAttributeType.swift; sourceTree = "<group>"; };
		BA802F952ABE585A0087BC6A /* FoodAttribute.swift */ = {isa = PBXFileReference; lastKnownFileType = sourcecode.swift; path = FoodAttribute.swift; sourceTree = "<group>"; };
		BA802F972ABE58A00087BC6A /* MeasureUnit.swift */ = {isa = PBXFileReference; lastKnownFileType = sourcecode.swift; path = MeasureUnit.swift; sourceTree = "<group>"; };
		BA802F992ABE58BB0087BC6A /* FoodPortion.swift */ = {isa = PBXFileReference; lastKnownFileType = sourcecode.swift; path = FoodPortion.swift; sourceTree = "<group>"; };
		BA802F9B2ABE58E00087BC6A /* FoodNutrient.swift */ = {isa = PBXFileReference; lastKnownFileType = sourcecode.swift; path = FoodNutrient.swift; sourceTree = "<group>"; };
		BA802F9D2ABE58F70087BC6A /* Nutrient.swift */ = {isa = PBXFileReference; lastKnownFileType = sourcecode.swift; path = Nutrient.swift; sourceTree = "<group>"; };
		BA802F9F2ABE59100087BC6A /* FoodNutrientDerivation.swift */ = {isa = PBXFileReference; lastKnownFileType = sourcecode.swift; path = FoodNutrientDerivation.swift; sourceTree = "<group>"; };
		BA802FA12ABE59420087BC6A /* FoodUpdateLog.swift */ = {isa = PBXFileReference; lastKnownFileType = sourcecode.swift; path = FoodUpdateLog.swift; sourceTree = "<group>"; };
		BA802FA32ABE59670087BC6A /* LabelNutrient.swift */ = {isa = PBXFileReference; lastKnownFileType = sourcecode.swift; path = LabelNutrient.swift; sourceTree = "<group>"; };
		BA802FA62ABE59E70087BC6A /* Network.swift */ = {isa = PBXFileReference; lastKnownFileType = sourcecode.swift; path = Network.swift; sourceTree = "<group>"; };
		BA802FA82ABE5A990087BC6A /* ConstantsURLs.swift */ = {isa = PBXFileReference; lastKnownFileType = sourcecode.swift; path = ConstantsURLs.swift; sourceTree = "<group>"; };
		BA802FAC2ABE6AB80087BC6A /* URLDetails.swift */ = {isa = PBXFileReference; lastKnownFileType = sourcecode.swift; path = URLDetails.swift; sourceTree = "<group>"; };
		BA802FB12ABE6AE80087BC6A /* QueryDetails.swift */ = {isa = PBXFileReference; lastKnownFileType = sourcecode.swift; path = QueryDetails.swift; sourceTree = "<group>"; };
		BA802FB32ABE6AFE0087BC6A /* RequestDetails.swift */ = {isa = PBXFileReference; lastKnownFileType = sourcecode.swift; path = RequestDetails.swift; sourceTree = "<group>"; };
		BA802FB52ABE6B110087BC6A /* ContextDetails.swift */ = {isa = PBXFileReference; lastKnownFileType = sourcecode.swift; path = ContextDetails.swift; sourceTree = "<group>"; };
		BA802FB72ABE6B230087BC6A /* SearchInformation.swift */ = {isa = PBXFileReference; lastKnownFileType = sourcecode.swift; path = SearchInformation.swift; sourceTree = "<group>"; };
		BA802FB92ABE6B380087BC6A /* ImageResult.swift */ = {isa = PBXFileReference; lastKnownFileType = sourcecode.swift; path = ImageResult.swift; sourceTree = "<group>"; };
		BA802FBB2ABE6B560087BC6A /* ImageDetails.swift */ = {isa = PBXFileReference; lastKnownFileType = sourcecode.swift; path = ImageDetails.swift; sourceTree = "<group>"; };
		BA802FBF2ABE6BAD0087BC6A /* ImageQuery.swift */ = {isa = PBXFileReference; lastKnownFileType = sourcecode.swift; path = ImageQuery.swift; sourceTree = "<group>"; };
		BA802FC52ABE70DB0087BC6A /* FoodTableViewCell.swift */ = {isa = PBXFileReference; lastKnownFileType = sourcecode.swift; path = FoodTableViewCell.swift; sourceTree = "<group>"; };
		BA802FC62ABE70DB0087BC6A /* FoodTableViewCell.xib */ = {isa = PBXFileReference; lastKnownFileType = file.xib; path = FoodTableViewCell.xib; sourceTree = "<group>"; };
		BAC480972AC0A2D000FC30FB /* HeaderDetailTable.swift */ = {isa = PBXFileReference; lastKnownFileType = sourcecode.swift; path = HeaderDetailTable.swift; sourceTree = "<group>"; };
		BAC4809A2AC0AFCC00FC30FB /* Loader.xib */ = {isa = PBXFileReference; lastKnownFileType = file.xib; path = Loader.xib; sourceTree = "<group>"; };
		BAC4809C2AC0B13700FC30FB /* UIView+Extension.swift */ = {isa = PBXFileReference; lastKnownFileType = sourcecode.swift; path = "UIView+Extension.swift"; sourceTree = "<group>"; };
		BAC480A02AC0C11900FC30FB /* loader.json */ = {isa = PBXFileReference; fileEncoding = 4; lastKnownFileType = text.json; path = loader.json; sourceTree = "<group>"; };
		BAC480DE2AC0C5D100FC30FB /* LoginViewController.swift */ = {isa = PBXFileReference; lastKnownFileType = sourcecode.swift; path = LoginViewController.swift; sourceTree = "<group>"; };
		BAC480E42AC0CF5300FC30FB /* TabBarHomeController.swift */ = {isa = PBXFileReference; lastKnownFileType = sourcecode.swift; path = TabBarHomeController.swift; sourceTree = "<group>"; };
		BAC480E62AC12FF600FC30FB /* UIAplication+Extension.swift */ = {isa = PBXFileReference; lastKnownFileType = sourcecode.swift; path = "UIAplication+Extension.swift"; sourceTree = "<group>"; };
		BAC480F82AC136F800FC30FB /* InfoViewController.xib */ = {isa = PBXFileReference; lastKnownFileType = file.xib; path = InfoViewController.xib; sourceTree = "<group>"; };
		BAC480FB2AC1373300FC30FB /* DetailViewController.xib */ = {isa = PBXFileReference; lastKnownFileType = file.xib; path = DetailViewController.xib; sourceTree = "<group>"; };
		C07A57C25A259B63D96EA0BB /* Pods_AllAboutFood.framework */ = {isa = PBXFileReference; explicitFileType = wrapper.framework; includeInIndex = 0; path = Pods_AllAboutFood.framework; sourceTree = BUILT_PRODUCTS_DIR; };
		E3620DF4CBAD36B9BAAAF615 /* Pods-AllAboutFoodTests.debug.xcconfig */ = {isa = PBXFileReference; includeInIndex = 1; lastKnownFileType = text.xcconfig; name = "Pods-AllAboutFoodTests.debug.xcconfig"; path = "Target Support Files/Pods-AllAboutFoodTests/Pods-AllAboutFoodTests.debug.xcconfig"; sourceTree = "<group>"; };
		FDC024E55B3683BC82AF5B88 /* Pods_AllAboutFood_AllAboutFoodUITests.framework */ = {isa = PBXFileReference; explicitFileType = wrapper.framework; includeInIndex = 0; path = Pods_AllAboutFood_AllAboutFoodUITests.framework; sourceTree = BUILT_PRODUCTS_DIR; };
/* End PBXFileReference section */

/* Begin PBXFrameworksBuildPhase section */
		BA802F582ABE53CD0087BC6A /* Frameworks */ = {
			isa = PBXFrameworksBuildPhase;
			buildActionMask = 2147483647;
			files = (
				BA131C3E2ABFF5CA0031DCF3 /* Alamofire in Frameworks */,
				BA802FC32ABE6DC00087BC6A /* Kingfisher in Frameworks */,
				BA131C212ABF80ED0031DCF3 /* Lottie in Frameworks */,
				57B115C2D93C9324DC42BDC4 /* Pods_AllAboutFood.framework in Frameworks */,
			);
			runOnlyForDeploymentPostprocessing = 0;
		};
		BA802F6E2ABE53D10087BC6A /* Frameworks */ = {
			isa = PBXFrameworksBuildPhase;
			buildActionMask = 2147483647;
			files = (
				7DD4C557C0DB76645A5D4FFE /* Pods_AllAboutFoodTests.framework in Frameworks */,
			);
			runOnlyForDeploymentPostprocessing = 0;
		};
		BA802F782ABE53D10087BC6A /* Frameworks */ = {
			isa = PBXFrameworksBuildPhase;
			buildActionMask = 2147483647;
			files = (
				898BF0F40D45799E43BA3045 /* Pods_AllAboutFood_AllAboutFoodUITests.framework in Frameworks */,
			);
			runOnlyForDeploymentPostprocessing = 0;
		};
/* End PBXFrameworksBuildPhase section */

/* Begin PBXGroup section */
		2846ABBD81A6F6192069F813 /* Frameworks */ = {
			isa = PBXGroup;
			children = (
				C07A57C25A259B63D96EA0BB /* Pods_AllAboutFood.framework */,
				FDC024E55B3683BC82AF5B88 /* Pods_AllAboutFood_AllAboutFoodUITests.framework */,
				21FA3B5F3EB6282C04977F94 /* Pods_AllAboutFoodTests.framework */,
			);
			name = Frameworks;
			sourceTree = "<group>";
		};
		BA131C162ABF759D0031DCF3 /* Extensions */ = {
			isa = PBXGroup;
			children = (
				BA131C172ABF75B50031DCF3 /* UIImageView+Extension.swift */,
				BAC4809C2AC0B13700FC30FB /* UIView+Extension.swift */,
				BAC480E62AC12FF600FC30FB /* UIAplication+Extension.swift */,
			);
			path = Extensions;
			sourceTree = "<group>";
		};
		BA131C192ABF7DFA0031DCF3 /* Presentation */ = {
			isa = PBXGroup;
			children = (
				BA131C1C2ABF7EA80031DCF3 /* Animations */,
				BA802FC42ABE70C80087BC6A /* Cell */,
				BA131C1A2ABF7E200031DCF3 /* Storyboards */,
				BAC480992AC0A2D800FC30FB /* View */,
			);
			path = Presentation;
			sourceTree = "<group>";
		};
		BA131C1A2ABF7E200031DCF3 /* Storyboards */ = {
			isa = PBXGroup;
			children = (
				BA802F642ABE53CD0087BC6A /* Main.storyboard */,
				BA802F692ABE53D00087BC6A /* LaunchScreen.storyboard */,
			);
			path = Storyboards;
			sourceTree = "<group>";
		};
		BA131C1B2ABF7E4A0031DCF3 /* Controllers */ = {
			isa = PBXGroup;
			children = (
				BA7FF9EF2AC1395900A15F33 /* Configuration */,
				BA7FF9EA2AC138CE00A15F33 /* Profile */,
				BAC480FA2AC1372400FC30FB /* Detail */,
				BAC480EE2AC1361900FC30FB /* Home */,
				BAC480F72AC136E400FC30FB /* Info */,
				BAC480DE2AC0C5D100FC30FB /* LoginViewController.swift */,
				BAC480F42AC136B000FC30FB /* Search */,
				BAC480FE2AC1382B00FC30FB /* TabBar */,
			);
			path = Controllers;
			sourceTree = "<group>";
		};
		BA131C1C2ABF7EA80031DCF3 /* Animations */ = {
			isa = PBXGroup;
			children = (
				BAC480A02AC0C11900FC30FB /* loader.json */,
				BA131C1D2ABF7ECC0031DCF3 /* Loader.swift */,
				BAC4809A2AC0AFCC00FC30FB /* Loader.xib */,
			);
			path = Animations;
			sourceTree = "<group>";
		};
		BA7FF9EA2AC138CE00A15F33 /* Profile */ = {
			isa = PBXGroup;
			children = (
				BA7FF9EB2AC138E200A15F33 /* ProfileViewController.swift */,
				BA7FF9EC2AC138E200A15F33 /* ProfileViewController.xib */,
			);
			path = Profile;
			sourceTree = "<group>";
		};
		BA7FF9EF2AC1395900A15F33 /* Configuration */ = {
			isa = PBXGroup;
			children = (
				BA7FF9F02AC1397000A15F33 /* ConfigurationViewController.swift */,
				BA7FF9F12AC1397000A15F33 /* ConfigurationViewController.xib */,
			);
			path = Configuration;
			sourceTree = "<group>";
		};
		BA802F522ABE53CD0087BC6A = {
			isa = PBXGroup;
			children = (
				BA802F5D2ABE53CD0087BC6A /* AllAboutFood */,
				BA802F742ABE53D10087BC6A /* AllAboutFoodTests */,
				BA802F7E2ABE53D10087BC6A /* AllAboutFoodUITests */,
				BA802F5C2ABE53CD0087BC6A /* Products */,
				DA7579B20C679E95AE5305DD /* Pods */,
				2846ABBD81A6F6192069F813 /* Frameworks */,
			);
			sourceTree = "<group>";
		};
		BA802F5C2ABE53CD0087BC6A /* Products */ = {
			isa = PBXGroup;
			children = (
				BA802F5B2ABE53CD0087BC6A /* AllAboutFood.app */,
				BA802F712ABE53D10087BC6A /* AllAboutFoodTests.xctest */,
				BA802F7B2ABE53D10087BC6A /* AllAboutFoodUITests.xctest */,
			);
			name = Products;
			sourceTree = "<group>";
		};
		BA802F5D2ABE53CD0087BC6A /* AllAboutFood */ = {
			isa = PBXGroup;
			children = (
				BA802F6C2ABE53D00087BC6A /* Info.plist */,
				BA802F5E2ABE53CD0087BC6A /* AppDelegate.swift */,
				BA802F602ABE53CD0087BC6A /* SceneDelegate.swift */,
				BA802F672ABE53D00087BC6A /* Assets.xcassets */,
				BA131C1B2ABF7E4A0031DCF3 /* Controllers */,
				BA802F8E2ABE53EA0087BC6A /* Entities */,
				BA131C162ABF759D0031DCF3 /* Extensions */,
				BA802FA52ABE59D80087BC6A /* Network */,
				BA131C192ABF7DFA0031DCF3 /* Presentation */,
			);
			path = AllAboutFood;
			sourceTree = "<group>";
		};
		BA802F742ABE53D10087BC6A /* AllAboutFoodTests */ = {
			isa = PBXGroup;
			children = (
				BA802F752ABE53D10087BC6A /* AllAboutFoodTests.swift */,
			);
			path = AllAboutFoodTests;
			sourceTree = "<group>";
		};
		BA802F7E2ABE53D10087BC6A /* AllAboutFoodUITests */ = {
			isa = PBXGroup;
			children = (
				BA802F7F2ABE53D10087BC6A /* AllAboutFoodUITests.swift */,
				BA802F812ABE53D10087BC6A /* AllAboutFoodUITestsLaunchTests.swift */,
			);
			path = AllAboutFoodUITests;
			sourceTree = "<group>";
		};
		BA802F8E2ABE53EA0087BC6A /* Entities */ = {
			isa = PBXGroup;
			children = (
				BA802FAE2ABE6AD30087BC6A /* Food */,
				BA802FAF2ABE6ADC0087BC6A /* GoogleQuery */,
			);
			path = Entities;
			sourceTree = "<group>";
		};
		BA802FA52ABE59D80087BC6A /* Network */ = {
			isa = PBXGroup;
			children = (
				BA802FA62ABE59E70087BC6A /* Network.swift */,
				BA802FA82ABE5A990087BC6A /* ConstantsURLs.swift */,
				BA131C242ABF87160031DCF3 /* NetworkGoogleManager.swift */,
				BA131C2C2ABF9B910031DCF3 /* NetworkFoodApiManager.swift */,
			);
			path = Network;
			sourceTree = "<group>";
		};
		BA802FAE2ABE6AD30087BC6A /* Food */ = {
			isa = PBXGroup;
			children = (
				BA802F8F2ABE53F80087BC6A /* Food.swift */,
				BA802F952ABE585A0087BC6A /* FoodAttribute.swift */,
				BA802F932ABE583F0087BC6A /* FoodAttributeType.swift */,
				BA802F912ABE58200087BC6A /* FoodComponent.swift */,
				BA802F9B2ABE58E00087BC6A /* FoodNutrient.swift */,
				BA802F9F2ABE59100087BC6A /* FoodNutrientDerivation.swift */,
				BA802F992ABE58BB0087BC6A /* FoodPortion.swift */,
				BA802FA12ABE59420087BC6A /* FoodUpdateLog.swift */,
				BA802FA32ABE59670087BC6A /* LabelNutrient.swift */,
				BA802F972ABE58A00087BC6A /* MeasureUnit.swift */,
				BA802F9D2ABE58F70087BC6A /* Nutrient.swift */,
				BA131C2E2ABFA3630031DCF3 /* FoodNutrientSource.swift */,
				BA131C302ABFA3F50031DCF3 /* NutrientAnalysisDetails.swift */,
				BA131C322ABFA5040031DCF3 /* NutrientAcquisitionDetails.swift */,
			);
			path = Food;
			sourceTree = "<group>";
		};
		BA802FAF2ABE6ADC0087BC6A /* GoogleQuery */ = {
			isa = PBXGroup;
			children = (
				BA802FB52ABE6B110087BC6A /* ContextDetails.swift */,
				BA802FBB2ABE6B560087BC6A /* ImageDetails.swift */,
				BA802FBF2ABE6BAD0087BC6A /* ImageQuery.swift */,
				BA802FB92ABE6B380087BC6A /* ImageResult.swift */,
				BA802FB12ABE6AE80087BC6A /* QueryDetails.swift */,
				BA802FB32ABE6AFE0087BC6A /* RequestDetails.swift */,
				BA802FB72ABE6B230087BC6A /* SearchInformation.swift */,
				BA802FAC2ABE6AB80087BC6A /* URLDetails.swift */,
			);
			path = GoogleQuery;
			sourceTree = "<group>";
		};
		BA802FC42ABE70C80087BC6A /* Cell */ = {
			isa = PBXGroup;
			children = (
				BA802FC52ABE70DB0087BC6A /* FoodTableViewCell.swift */,
				BA802FC62ABE70DB0087BC6A /* FoodTableViewCell.xib */,
				BA131C282ABF8B970031DCF3 /* ImageCollectionViewCell.swift */,
				BA131C292ABF8B970031DCF3 /* ImageCollectionViewCell.xib */,
				BA131C362ABFB5390031DCF3 /* NutrientsTableViewCell.swift */,
				BA131C372ABFB5390031DCF3 /* NutrientsTableViewCell.xib */,
			);
			path = Cell;
			sourceTree = "<group>";
		};
		BAC480992AC0A2D800FC30FB /* View */ = {
			isa = PBXGroup;
			children = (
				BAC480972AC0A2D000FC30FB /* HeaderDetailTable.swift */,
			);
			path = View;
			sourceTree = "<group>";
		};
		BAC480EE2AC1361900FC30FB /* Home */ = {
			isa = PBXGroup;
			children = (
				BA7FF9F42AC13A0500A15F33 /* HomeViewController.swift */,
				BA7FF9F52AC13A0500A15F33 /* HomeViewController.xib */,
			);
			path = Home;
			sourceTree = "<group>";
		};
		BAC480F42AC136B000FC30FB /* Search */ = {
			isa = PBXGroup;
			children = (
				BA7FF9F82AC13A5900A15F33 /* FinderViewController.swift */,
				BA7FF9F92AC13A5900A15F33 /* FinderViewController.xib */,
			);
			path = Search;
			sourceTree = "<group>";
		};
		BAC480F72AC136E400FC30FB /* Info */ = {
			isa = PBXGroup;
			children = (
				BA131C3A2ABFC1A90031DCF3 /* InfoViewController.swift */,
				BAC480F82AC136F800FC30FB /* InfoViewController.xib */,
			);
			path = Info;
			sourceTree = "<group>";
		};
		BAC480FA2AC1372400FC30FB /* Detail */ = {
			isa = PBXGroup;
			children = (
				BA131C262ABF8A8F0031DCF3 /* DetailViewController.swift */,
				BAC480FB2AC1373300FC30FB /* DetailViewController.xib */,
			);
			path = Detail;
			sourceTree = "<group>";
		};
		BAC480FE2AC1382B00FC30FB /* TabBar */ = {
			isa = PBXGroup;
			children = (
				BAC480E42AC0CF5300FC30FB /* TabBarHomeController.swift */,
			);
			path = TabBar;
			sourceTree = "<group>";
		};
		DA7579B20C679E95AE5305DD /* Pods */ = {
			isa = PBXGroup;
			children = (
				9AEE485778C595610B59CE66 /* Pods-AllAboutFood.debug.xcconfig */,
				0A5856D2F89E1CC30D6908A0 /* Pods-AllAboutFood.release.xcconfig */,
				B2EEAD39D2A9F8E058074364 /* Pods-AllAboutFood-AllAboutFoodUITests.debug.xcconfig */,
				83FB3F4528D3755C13969D34 /* Pods-AllAboutFood-AllAboutFoodUITests.release.xcconfig */,
				E3620DF4CBAD36B9BAAAF615 /* Pods-AllAboutFoodTests.debug.xcconfig */,
				50083B79FCE635AB15183CEB /* Pods-AllAboutFoodTests.release.xcconfig */,
			);
			path = Pods;
			sourceTree = "<group>";
		};
/* End PBXGroup section */

/* Begin PBXNativeTarget section */
		BA802F5A2ABE53CD0087BC6A /* AllAboutFood */ = {
			isa = PBXNativeTarget;
			buildConfigurationList = BA802F852ABE53D10087BC6A /* Build configuration list for PBXNativeTarget "AllAboutFood" */;
			buildPhases = (
				519CD728AB32EC8A9695A833 /* [CP] Check Pods Manifest.lock */,
				BA802F572ABE53CD0087BC6A /* Sources */,
				BA802F582ABE53CD0087BC6A /* Frameworks */,
				BA802F592ABE53CD0087BC6A /* Resources */,
				46C73364DCF3861699A4A579 /* [CP] Embed Pods Frameworks */,
			);
			buildRules = (
			);
			dependencies = (
			);
			name = AllAboutFood;
			packageProductDependencies = (
				BA802FC22ABE6DC00087BC6A /* Kingfisher */,
				BA131C202ABF80ED0031DCF3 /* Lottie */,
				BA131C3D2ABFF5CA0031DCF3 /* Alamofire */,
			);
			productName = AllAboutFood;
			productReference = BA802F5B2ABE53CD0087BC6A /* AllAboutFood.app */;
			productType = "com.apple.product-type.application";
		};
		BA802F702ABE53D10087BC6A /* AllAboutFoodTests */ = {
			isa = PBXNativeTarget;
			buildConfigurationList = BA802F882ABE53D10087BC6A /* Build configuration list for PBXNativeTarget "AllAboutFoodTests" */;
			buildPhases = (
				6E21E61A896A6BA46D22C249 /* [CP] Check Pods Manifest.lock */,
				BA802F6D2ABE53D10087BC6A /* Sources */,
				BA802F6E2ABE53D10087BC6A /* Frameworks */,
				BA802F6F2ABE53D10087BC6A /* Resources */,
			);
			buildRules = (
			);
			dependencies = (
				BA802F732ABE53D10087BC6A /* PBXTargetDependency */,
			);
			name = AllAboutFoodTests;
			productName = AllAboutFoodTests;
			productReference = BA802F712ABE53D10087BC6A /* AllAboutFoodTests.xctest */;
			productType = "com.apple.product-type.bundle.unit-test";
		};
		BA802F7A2ABE53D10087BC6A /* AllAboutFoodUITests */ = {
			isa = PBXNativeTarget;
			buildConfigurationList = BA802F8B2ABE53D10087BC6A /* Build configuration list for PBXNativeTarget "AllAboutFoodUITests" */;
			buildPhases = (
				26244EF9AA9FBC1FCF7876CA /* [CP] Check Pods Manifest.lock */,
				BA802F772ABE53D10087BC6A /* Sources */,
				BA802F782ABE53D10087BC6A /* Frameworks */,
				BA802F792ABE53D10087BC6A /* Resources */,
				4D1A8619B060087E821C5656 /* [CP] Embed Pods Frameworks */,
			);
			buildRules = (
			);
			dependencies = (
				BA802F7D2ABE53D10087BC6A /* PBXTargetDependency */,
			);
			name = AllAboutFoodUITests;
			productName = AllAboutFoodUITests;
			productReference = BA802F7B2ABE53D10087BC6A /* AllAboutFoodUITests.xctest */;
			productType = "com.apple.product-type.bundle.ui-testing";
		};
/* End PBXNativeTarget section */

/* Begin PBXProject section */
		BA802F532ABE53CD0087BC6A /* Project object */ = {
			isa = PBXProject;
			attributes = {
				BuildIndependentTargetsInParallel = 1;
				LastSwiftUpdateCheck = 1430;
				LastUpgradeCheck = 1430;
				TargetAttributes = {
					BA802F5A2ABE53CD0087BC6A = {
						CreatedOnToolsVersion = 14.3.1;
					};
					BA802F702ABE53D10087BC6A = {
						CreatedOnToolsVersion = 14.3.1;
						TestTargetID = BA802F5A2ABE53CD0087BC6A;
					};
					BA802F7A2ABE53D10087BC6A = {
						CreatedOnToolsVersion = 14.3.1;
						TestTargetID = BA802F5A2ABE53CD0087BC6A;
					};
				};
			};
			buildConfigurationList = BA802F562ABE53CD0087BC6A /* Build configuration list for PBXProject "AllAboutFood" */;
			compatibilityVersion = "Xcode 14.0";
			developmentRegion = en;
			hasScannedForEncodings = 0;
			knownRegions = (
				en,
				Base,
			);
			mainGroup = BA802F522ABE53CD0087BC6A;
			packageReferences = (
				BA802FC12ABE6DC00087BC6A /* XCRemoteSwiftPackageReference "Kingfisher" */,
				BA131C1F2ABF80ED0031DCF3 /* XCRemoteSwiftPackageReference "lottie-ios" */,
				BA131C3C2ABFF5CA0031DCF3 /* XCRemoteSwiftPackageReference "Alamofire" */,
			);
			productRefGroup = BA802F5C2ABE53CD0087BC6A /* Products */;
			projectDirPath = "";
			projectRoot = "";
			targets = (
				BA802F5A2ABE53CD0087BC6A /* AllAboutFood */,
				BA802F702ABE53D10087BC6A /* AllAboutFoodTests */,
				BA802F7A2ABE53D10087BC6A /* AllAboutFoodUITests */,
			);
		};
/* End PBXProject section */

/* Begin PBXResourcesBuildPhase section */
		BA802F592ABE53CD0087BC6A /* Resources */ = {
			isa = PBXResourcesBuildPhase;
			buildActionMask = 2147483647;
			files = (
				BA7FF9FB2AC13A5900A15F33 /* FinderViewController.xib in Resources */,
				BA802F6B2ABE53D00087BC6A /* LaunchScreen.storyboard in Resources */,
				BA7FF9F32AC1397000A15F33 /* ConfigurationViewController.xib in Resources */,
				BAC480FC2AC1373300FC30FB /* DetailViewController.xib in Resources */,
				BAC4809B2AC0AFCD00FC30FB /* Loader.xib in Resources */,
				BA7FF9EE2AC138E200A15F33 /* ProfileViewController.xib in Resources */,
				BA7FF9F72AC13A0500A15F33 /* HomeViewController.xib in Resources */,
				BAC480A12AC0C11A00FC30FB /* loader.json in Resources */,
				BA802FC82ABE70DB0087BC6A /* FoodTableViewCell.xib in Resources */,
				BA802F682ABE53D00087BC6A /* Assets.xcassets in Resources */,
				BA131C392ABFB5390031DCF3 /* NutrientsTableViewCell.xib in Resources */,
				BA131C2B2ABF8B970031DCF3 /* ImageCollectionViewCell.xib in Resources */,
				BAC480F92AC136F800FC30FB /* InfoViewController.xib in Resources */,
				BA802F662ABE53CD0087BC6A /* Main.storyboard in Resources */,
			);
			runOnlyForDeploymentPostprocessing = 0;
		};
		BA802F6F2ABE53D10087BC6A /* Resources */ = {
			isa = PBXResourcesBuildPhase;
			buildActionMask = 2147483647;
			files = (
			);
			runOnlyForDeploymentPostprocessing = 0;
		};
		BA802F792ABE53D10087BC6A /* Resources */ = {
			isa = PBXResourcesBuildPhase;
			buildActionMask = 2147483647;
			files = (
			);
			runOnlyForDeploymentPostprocessing = 0;
		};
/* End PBXResourcesBuildPhase section */

/* Begin PBXShellScriptBuildPhase section */
		26244EF9AA9FBC1FCF7876CA /* [CP] Check Pods Manifest.lock */ = {
			isa = PBXShellScriptBuildPhase;
			buildActionMask = 2147483647;
			files = (
			);
			inputFileListPaths = (
			);
			inputPaths = (
				"${PODS_PODFILE_DIR_PATH}/Podfile.lock",
				"${PODS_ROOT}/Manifest.lock",
			);
			name = "[CP] Check Pods Manifest.lock";
			outputFileListPaths = (
			);
			outputPaths = (
				"$(DERIVED_FILE_DIR)/Pods-AllAboutFood-AllAboutFoodUITests-checkManifestLockResult.txt",
			);
			runOnlyForDeploymentPostprocessing = 0;
			shellPath = /bin/sh;
			shellScript = "diff \"${PODS_PODFILE_DIR_PATH}/Podfile.lock\" \"${PODS_ROOT}/Manifest.lock\" > /dev/null\nif [ $? != 0 ] ; then\n    # print error to STDERR\n    echo \"error: The sandbox is not in sync with the Podfile.lock. Run 'pod install' or update your CocoaPods installation.\" >&2\n    exit 1\nfi\n# This output is used by Xcode 'outputs' to avoid re-running this script phase.\necho \"SUCCESS\" > \"${SCRIPT_OUTPUT_FILE_0}\"\n";
			showEnvVarsInLog = 0;
		};
		46C73364DCF3861699A4A579 /* [CP] Embed Pods Frameworks */ = {
			isa = PBXShellScriptBuildPhase;
			buildActionMask = 2147483647;
			files = (
			);
			inputFileListPaths = (
				"${PODS_ROOT}/Target Support Files/Pods-AllAboutFood/Pods-AllAboutFood-frameworks-${CONFIGURATION}-input-files.xcfilelist",
			);
			name = "[CP] Embed Pods Frameworks";
			outputFileListPaths = (
				"${PODS_ROOT}/Target Support Files/Pods-AllAboutFood/Pods-AllAboutFood-frameworks-${CONFIGURATION}-output-files.xcfilelist",
			);
			runOnlyForDeploymentPostprocessing = 0;
			shellPath = /bin/sh;
			shellScript = "\"${PODS_ROOT}/Target Support Files/Pods-AllAboutFood/Pods-AllAboutFood-frameworks.sh\"\n";
			showEnvVarsInLog = 0;
		};
		4D1A8619B060087E821C5656 /* [CP] Embed Pods Frameworks */ = {
			isa = PBXShellScriptBuildPhase;
			buildActionMask = 2147483647;
			files = (
			);
			inputFileListPaths = (
				"${PODS_ROOT}/Target Support Files/Pods-AllAboutFood-AllAboutFoodUITests/Pods-AllAboutFood-AllAboutFoodUITests-frameworks-${CONFIGURATION}-input-files.xcfilelist",
			);
			name = "[CP] Embed Pods Frameworks";
			outputFileListPaths = (
				"${PODS_ROOT}/Target Support Files/Pods-AllAboutFood-AllAboutFoodUITests/Pods-AllAboutFood-AllAboutFoodUITests-frameworks-${CONFIGURATION}-output-files.xcfilelist",
			);
			runOnlyForDeploymentPostprocessing = 0;
			shellPath = /bin/sh;
			shellScript = "\"${PODS_ROOT}/Target Support Files/Pods-AllAboutFood-AllAboutFoodUITests/Pods-AllAboutFood-AllAboutFoodUITests-frameworks.sh\"\n";
			showEnvVarsInLog = 0;
		};
		519CD728AB32EC8A9695A833 /* [CP] Check Pods Manifest.lock */ = {
			isa = PBXShellScriptBuildPhase;
			buildActionMask = 2147483647;
			files = (
			);
			inputFileListPaths = (
			);
			inputPaths = (
				"${PODS_PODFILE_DIR_PATH}/Podfile.lock",
				"${PODS_ROOT}/Manifest.lock",
			);
			name = "[CP] Check Pods Manifest.lock";
			outputFileListPaths = (
			);
			outputPaths = (
				"$(DERIVED_FILE_DIR)/Pods-AllAboutFood-checkManifestLockResult.txt",
			);
			runOnlyForDeploymentPostprocessing = 0;
			shellPath = /bin/sh;
			shellScript = "diff \"${PODS_PODFILE_DIR_PATH}/Podfile.lock\" \"${PODS_ROOT}/Manifest.lock\" > /dev/null\nif [ $? != 0 ] ; then\n    # print error to STDERR\n    echo \"error: The sandbox is not in sync with the Podfile.lock. Run 'pod install' or update your CocoaPods installation.\" >&2\n    exit 1\nfi\n# This output is used by Xcode 'outputs' to avoid re-running this script phase.\necho \"SUCCESS\" > \"${SCRIPT_OUTPUT_FILE_0}\"\n";
			showEnvVarsInLog = 0;
		};
		6E21E61A896A6BA46D22C249 /* [CP] Check Pods Manifest.lock */ = {
			isa = PBXShellScriptBuildPhase;
			buildActionMask = 2147483647;
			files = (
			);
			inputFileListPaths = (
			);
			inputPaths = (
				"${PODS_PODFILE_DIR_PATH}/Podfile.lock",
				"${PODS_ROOT}/Manifest.lock",
			);
			name = "[CP] Check Pods Manifest.lock";
			outputFileListPaths = (
			);
			outputPaths = (
				"$(DERIVED_FILE_DIR)/Pods-AllAboutFoodTests-checkManifestLockResult.txt",
			);
			runOnlyForDeploymentPostprocessing = 0;
			shellPath = /bin/sh;
			shellScript = "diff \"${PODS_PODFILE_DIR_PATH}/Podfile.lock\" \"${PODS_ROOT}/Manifest.lock\" > /dev/null\nif [ $? != 0 ] ; then\n    # print error to STDERR\n    echo \"error: The sandbox is not in sync with the Podfile.lock. Run 'pod install' or update your CocoaPods installation.\" >&2\n    exit 1\nfi\n# This output is used by Xcode 'outputs' to avoid re-running this script phase.\necho \"SUCCESS\" > \"${SCRIPT_OUTPUT_FILE_0}\"\n";
			showEnvVarsInLog = 0;
		};
/* End PBXShellScriptBuildPhase section */

/* Begin PBXSourcesBuildPhase section */
		BA802F572ABE53CD0087BC6A /* Sources */ = {
			isa = PBXSourcesBuildPhase;
			buildActionMask = 2147483647;
			files = (
				BA802F9E2ABE58F70087BC6A /* Nutrient.swift in Sources */,
				BA802FA92ABE5A990087BC6A /* ConstantsURLs.swift in Sources */,
				BA131C312ABFA3F50031DCF3 /* NutrientAnalysisDetails.swift in Sources */,
				BA131C182ABF75B50031DCF3 /* UIImageView+Extension.swift in Sources */,
				BA802F9C2ABE58E00087BC6A /* FoodNutrient.swift in Sources */,
				BA7FF9F62AC13A0500A15F33 /* HomeViewController.swift in Sources */,
				BAC480E52AC0CF5300FC30FB /* TabBarHomeController.swift in Sources */,
				BA7FF9ED2AC138E200A15F33 /* ProfileViewController.swift in Sources */,
				BA802F942ABE583F0087BC6A /* FoodAttributeType.swift in Sources */,
				BA131C2F2ABFA3630031DCF3 /* FoodNutrientSource.swift in Sources */,
				BA7FF9FA2AC13A5900A15F33 /* FinderViewController.swift in Sources */,
				BA802FC02ABE6BAD0087BC6A /* ImageQuery.swift in Sources */,
				BA131C2A2ABF8B970031DCF3 /* ImageCollectionViewCell.swift in Sources */,
				BA802FB42ABE6AFE0087BC6A /* RequestDetails.swift in Sources */,
				BA131C1E2ABF7ECC0031DCF3 /* Loader.swift in Sources */,
				BAC4809D2AC0B13700FC30FB /* UIView+Extension.swift in Sources */,
				BA131C272ABF8A8F0031DCF3 /* DetailViewController.swift in Sources */,
				BA802FC72ABE70DB0087BC6A /* FoodTableViewCell.swift in Sources */,
				BA802FB22ABE6AE80087BC6A /* QueryDetails.swift in Sources */,
				BA802FBA2ABE6B380087BC6A /* ImageResult.swift in Sources */,
				BAC480982AC0A2D000FC30FB /* HeaderDetailTable.swift in Sources */,
				BA802FB82ABE6B230087BC6A /* SearchInformation.swift in Sources */,
				BA802F902ABE53F80087BC6A /* Food.swift in Sources */,
				BA7FF9F22AC1397000A15F33 /* ConfigurationViewController.swift in Sources */,
				BA802FA72ABE59E70087BC6A /* Network.swift in Sources */,
				BA802FA02ABE59100087BC6A /* FoodNutrientDerivation.swift in Sources */,
				BA802F5F2ABE53CD0087BC6A /* AppDelegate.swift in Sources */,
				BA802F9A2ABE58BB0087BC6A /* FoodPortion.swift in Sources */,
				BAC480DF2AC0C5D100FC30FB /* LoginViewController.swift in Sources */,
				BA131C3B2ABFC1A90031DCF3 /* InfoViewController.swift in Sources */,
				BA802F922ABE58200087BC6A /* FoodComponent.swift in Sources */,
				BA802F612ABE53CD0087BC6A /* SceneDelegate.swift in Sources */,
				BA802FA22ABE59420087BC6A /* FoodUpdateLog.swift in Sources */,
				BA802F982ABE58A00087BC6A /* MeasureUnit.swift in Sources */,
				BA802F962ABE585A0087BC6A /* FoodAttribute.swift in Sources */,
				BA802FB62ABE6B110087BC6A /* ContextDetails.swift in Sources */,
				BA131C2D2ABF9B910031DCF3 /* NetworkFoodApiManager.swift in Sources */,
				BA131C252ABF87160031DCF3 /* NetworkGoogleManager.swift in Sources */,
				BA131C332ABFA5040031DCF3 /* NutrientAcquisitionDetails.swift in Sources */,
				BA802FAD2ABE6AB80087BC6A /* URLDetails.swift in Sources */,
				BA802FBC2ABE6B560087BC6A /* ImageDetails.swift in Sources */,
				BAC480E72AC12FF600FC30FB /* UIAplication+Extension.swift in Sources */,
				BA802FA42ABE59680087BC6A /* LabelNutrient.swift in Sources */,
				BA131C382ABFB5390031DCF3 /* NutrientsTableViewCell.swift in Sources */,
			);
			runOnlyForDeploymentPostprocessing = 0;
		};
		BA802F6D2ABE53D10087BC6A /* Sources */ = {
			isa = PBXSourcesBuildPhase;
			buildActionMask = 2147483647;
			files = (
				BA802F762ABE53D10087BC6A /* AllAboutFoodTests.swift in Sources */,
			);
			runOnlyForDeploymentPostprocessing = 0;
		};
		BA802F772ABE53D10087BC6A /* Sources */ = {
			isa = PBXSourcesBuildPhase;
			buildActionMask = 2147483647;
			files = (
				BA802F822ABE53D10087BC6A /* AllAboutFoodUITestsLaunchTests.swift in Sources */,
				BA802F802ABE53D10087BC6A /* AllAboutFoodUITests.swift in Sources */,
			);
			runOnlyForDeploymentPostprocessing = 0;
		};
/* End PBXSourcesBuildPhase section */

/* Begin PBXTargetDependency section */
		BA802F732ABE53D10087BC6A /* PBXTargetDependency */ = {
			isa = PBXTargetDependency;
			target = BA802F5A2ABE53CD0087BC6A /* AllAboutFood */;
			targetProxy = BA802F722ABE53D10087BC6A /* PBXContainerItemProxy */;
		};
		BA802F7D2ABE53D10087BC6A /* PBXTargetDependency */ = {
			isa = PBXTargetDependency;
			target = BA802F5A2ABE53CD0087BC6A /* AllAboutFood */;
			targetProxy = BA802F7C2ABE53D10087BC6A /* PBXContainerItemProxy */;
		};
/* End PBXTargetDependency section */

/* Begin PBXVariantGroup section */
		BA802F642ABE53CD0087BC6A /* Main.storyboard */ = {
			isa = PBXVariantGroup;
			children = (
				BA802F652ABE53CD0087BC6A /* Base */,
			);
			name = Main.storyboard;
			sourceTree = "<group>";
		};
		BA802F692ABE53D00087BC6A /* LaunchScreen.storyboard */ = {
			isa = PBXVariantGroup;
			children = (
				BA802F6A2ABE53D00087BC6A /* Base */,
			);
			name = LaunchScreen.storyboard;
			sourceTree = "<group>";
		};
/* End PBXVariantGroup section */

/* Begin XCBuildConfiguration section */
		BA802F832ABE53D10087BC6A /* Debug */ = {
			isa = XCBuildConfiguration;
			buildSettings = {
				ALWAYS_SEARCH_USER_PATHS = NO;
				CLANG_ANALYZER_NONNULL = YES;
				CLANG_ANALYZER_NUMBER_OBJECT_CONVERSION = YES_AGGRESSIVE;
				CLANG_CXX_LANGUAGE_STANDARD = "gnu++20";
				CLANG_ENABLE_MODULES = YES;
				CLANG_ENABLE_OBJC_ARC = YES;
				CLANG_ENABLE_OBJC_WEAK = YES;
				CLANG_WARN_BLOCK_CAPTURE_AUTORELEASING = YES;
				CLANG_WARN_BOOL_CONVERSION = YES;
				CLANG_WARN_COMMA = YES;
				CLANG_WARN_CONSTANT_CONVERSION = YES;
				CLANG_WARN_DEPRECATED_OBJC_IMPLEMENTATIONS = YES;
				CLANG_WARN_DIRECT_OBJC_ISA_USAGE = YES_ERROR;
				CLANG_WARN_DOCUMENTATION_COMMENTS = YES;
				CLANG_WARN_EMPTY_BODY = YES;
				CLANG_WARN_ENUM_CONVERSION = YES;
				CLANG_WARN_INFINITE_RECURSION = YES;
				CLANG_WARN_INT_CONVERSION = YES;
				CLANG_WARN_NON_LITERAL_NULL_CONVERSION = YES;
				CLANG_WARN_OBJC_IMPLICIT_RETAIN_SELF = YES;
				CLANG_WARN_OBJC_LITERAL_CONVERSION = YES;
				CLANG_WARN_OBJC_ROOT_CLASS = YES_ERROR;
				CLANG_WARN_QUOTED_INCLUDE_IN_FRAMEWORK_HEADER = YES;
				CLANG_WARN_RANGE_LOOP_ANALYSIS = YES;
				CLANG_WARN_STRICT_PROTOTYPES = YES;
				CLANG_WARN_SUSPICIOUS_MOVE = YES;
				CLANG_WARN_UNGUARDED_AVAILABILITY = YES_AGGRESSIVE;
				CLANG_WARN_UNREACHABLE_CODE = YES;
				CLANG_WARN__DUPLICATE_METHOD_MATCH = YES;
				COPY_PHASE_STRIP = NO;
				DEBUG_INFORMATION_FORMAT = dwarf;
				ENABLE_STRICT_OBJC_MSGSEND = YES;
				ENABLE_TESTABILITY = YES;
				GCC_C_LANGUAGE_STANDARD = gnu11;
				GCC_DYNAMIC_NO_PIC = NO;
				GCC_NO_COMMON_BLOCKS = YES;
				GCC_OPTIMIZATION_LEVEL = 0;
				GCC_PREPROCESSOR_DEFINITIONS = (
					"DEBUG=1",
					"$(inherited)",
				);
				GCC_WARN_64_TO_32_BIT_CONVERSION = YES;
				GCC_WARN_ABOUT_RETURN_TYPE = YES_ERROR;
				GCC_WARN_UNDECLARED_SELECTOR = YES;
				GCC_WARN_UNINITIALIZED_AUTOS = YES_AGGRESSIVE;
				GCC_WARN_UNUSED_FUNCTION = YES;
				GCC_WARN_UNUSED_VARIABLE = YES;
				IPHONEOS_DEPLOYMENT_TARGET = 16.4;
				MTL_ENABLE_DEBUG_INFO = INCLUDE_SOURCE;
				MTL_FAST_MATH = YES;
				ONLY_ACTIVE_ARCH = YES;
				SDKROOT = iphoneos;
				SWIFT_ACTIVE_COMPILATION_CONDITIONS = DEBUG;
				SWIFT_OPTIMIZATION_LEVEL = "-Onone";
			};
			name = Debug;
		};
		BA802F842ABE53D10087BC6A /* Release */ = {
			isa = XCBuildConfiguration;
			buildSettings = {
				ALWAYS_SEARCH_USER_PATHS = NO;
				CLANG_ANALYZER_NONNULL = YES;
				CLANG_ANALYZER_NUMBER_OBJECT_CONVERSION = YES_AGGRESSIVE;
				CLANG_CXX_LANGUAGE_STANDARD = "gnu++20";
				CLANG_ENABLE_MODULES = YES;
				CLANG_ENABLE_OBJC_ARC = YES;
				CLANG_ENABLE_OBJC_WEAK = YES;
				CLANG_WARN_BLOCK_CAPTURE_AUTORELEASING = YES;
				CLANG_WARN_BOOL_CONVERSION = YES;
				CLANG_WARN_COMMA = YES;
				CLANG_WARN_CONSTANT_CONVERSION = YES;
				CLANG_WARN_DEPRECATED_OBJC_IMPLEMENTATIONS = YES;
				CLANG_WARN_DIRECT_OBJC_ISA_USAGE = YES_ERROR;
				CLANG_WARN_DOCUMENTATION_COMMENTS = YES;
				CLANG_WARN_EMPTY_BODY = YES;
				CLANG_WARN_ENUM_CONVERSION = YES;
				CLANG_WARN_INFINITE_RECURSION = YES;
				CLANG_WARN_INT_CONVERSION = YES;
				CLANG_WARN_NON_LITERAL_NULL_CONVERSION = YES;
				CLANG_WARN_OBJC_IMPLICIT_RETAIN_SELF = YES;
				CLANG_WARN_OBJC_LITERAL_CONVERSION = YES;
				CLANG_WARN_OBJC_ROOT_CLASS = YES_ERROR;
				CLANG_WARN_QUOTED_INCLUDE_IN_FRAMEWORK_HEADER = YES;
				CLANG_WARN_RANGE_LOOP_ANALYSIS = YES;
				CLANG_WARN_STRICT_PROTOTYPES = YES;
				CLANG_WARN_SUSPICIOUS_MOVE = YES;
				CLANG_WARN_UNGUARDED_AVAILABILITY = YES_AGGRESSIVE;
				CLANG_WARN_UNREACHABLE_CODE = YES;
				CLANG_WARN__DUPLICATE_METHOD_MATCH = YES;
				COPY_PHASE_STRIP = NO;
				DEBUG_INFORMATION_FORMAT = "dwarf-with-dsym";
				ENABLE_NS_ASSERTIONS = NO;
				ENABLE_STRICT_OBJC_MSGSEND = YES;
				GCC_C_LANGUAGE_STANDARD = gnu11;
				GCC_NO_COMMON_BLOCKS = YES;
				GCC_WARN_64_TO_32_BIT_CONVERSION = YES;
				GCC_WARN_ABOUT_RETURN_TYPE = YES_ERROR;
				GCC_WARN_UNDECLARED_SELECTOR = YES;
				GCC_WARN_UNINITIALIZED_AUTOS = YES_AGGRESSIVE;
				GCC_WARN_UNUSED_FUNCTION = YES;
				GCC_WARN_UNUSED_VARIABLE = YES;
				IPHONEOS_DEPLOYMENT_TARGET = 16.4;
				MTL_ENABLE_DEBUG_INFO = NO;
				MTL_FAST_MATH = YES;
				SDKROOT = iphoneos;
				SWIFT_COMPILATION_MODE = wholemodule;
				SWIFT_OPTIMIZATION_LEVEL = "-O";
				VALIDATE_PRODUCT = YES;
			};
			name = Release;
		};
		BA802F862ABE53D10087BC6A /* Debug */ = {
			isa = XCBuildConfiguration;
			baseConfigurationReference = 9AEE485778C595610B59CE66 /* Pods-AllAboutFood.debug.xcconfig */;
			buildSettings = {
				ASSETCATALOG_COMPILER_APPICON_NAME = AppIcon;
				ASSETCATALOG_COMPILER_GLOBAL_ACCENT_COLOR_NAME = AccentColor;
				CODE_SIGN_STYLE = Automatic;
				CURRENT_PROJECT_VERSION = 1;
				GENERATE_INFOPLIST_FILE = YES;
				INFOPLIST_FILE = AllAboutFood/Info.plist;
				INFOPLIST_KEY_UIApplicationSupportsIndirectInputEvents = YES;
				INFOPLIST_KEY_UILaunchStoryboardName = LaunchScreen.storyboard;
				INFOPLIST_KEY_UIMainStoryboardFile = Main;
				INFOPLIST_KEY_UISupportedInterfaceOrientations_iPad = "UIInterfaceOrientationPortrait UIInterfaceOrientationPortraitUpsideDown UIInterfaceOrientationLandscapeLeft UIInterfaceOrientationLandscapeRight";
				INFOPLIST_KEY_UISupportedInterfaceOrientations_iPhone = "UIInterfaceOrientationPortrait UIInterfaceOrientationLandscapeLeft UIInterfaceOrientationLandscapeRight";
				IPHONEOS_DEPLOYMENT_TARGET = 15.0;
				LD_RUNPATH_SEARCH_PATHS = (
					"$(inherited)",
					"@executable_path/Frameworks",
				);
				MARKETING_VERSION = 1.0;
				PRODUCT_BUNDLE_IDENTIFIER = com.arlin.AllAboutFood;
				PRODUCT_NAME = "$(TARGET_NAME)";
				SUPPORTED_PLATFORMS = "iphoneos iphonesimulator";
				SUPPORTS_MACCATALYST = NO;
				SUPPORTS_MAC_DESIGNED_FOR_IPHONE_IPAD = NO;
				SWIFT_EMIT_LOC_STRINGS = YES;
				SWIFT_VERSION = 5.0;
				TARGETED_DEVICE_FAMILY = 1;
			};
			name = Debug;
		};
		BA802F872ABE53D10087BC6A /* Release */ = {
			isa = XCBuildConfiguration;
			baseConfigurationReference = 0A5856D2F89E1CC30D6908A0 /* Pods-AllAboutFood.release.xcconfig */;
			buildSettings = {
				ASSETCATALOG_COMPILER_APPICON_NAME = AppIcon;
				ASSETCATALOG_COMPILER_GLOBAL_ACCENT_COLOR_NAME = AccentColor;
				CODE_SIGN_STYLE = Automatic;
				CURRENT_PROJECT_VERSION = 1;
				GENERATE_INFOPLIST_FILE = YES;
				INFOPLIST_FILE = AllAboutFood/Info.plist;
				INFOPLIST_KEY_UIApplicationSupportsIndirectInputEvents = YES;
				INFOPLIST_KEY_UILaunchStoryboardName = LaunchScreen.storyboard;
				INFOPLIST_KEY_UIMainStoryboardFile = Main;
				INFOPLIST_KEY_UISupportedInterfaceOrientations_iPad = "UIInterfaceOrientationPortrait UIInterfaceOrientationPortraitUpsideDown UIInterfaceOrientationLandscapeLeft UIInterfaceOrientationLandscapeRight";
				INFOPLIST_KEY_UISupportedInterfaceOrientations_iPhone = "UIInterfaceOrientationPortrait UIInterfaceOrientationLandscapeLeft UIInterfaceOrientationLandscapeRight";
				IPHONEOS_DEPLOYMENT_TARGET = 15.0;
				LD_RUNPATH_SEARCH_PATHS = (
					"$(inherited)",
					"@executable_path/Frameworks",
				);
				MARKETING_VERSION = 1.0;
				PRODUCT_BUNDLE_IDENTIFIER = com.arlin.AllAboutFood;
				PRODUCT_NAME = "$(TARGET_NAME)";
				SUPPORTED_PLATFORMS = "iphoneos iphonesimulator";
				SUPPORTS_MACCATALYST = NO;
				SUPPORTS_MAC_DESIGNED_FOR_IPHONE_IPAD = NO;
				SWIFT_EMIT_LOC_STRINGS = YES;
				SWIFT_VERSION = 5.0;
				TARGETED_DEVICE_FAMILY = 1;
			};
			name = Release;
		};
		BA802F892ABE53D10087BC6A /* Debug */ = {
			isa = XCBuildConfiguration;
			baseConfigurationReference = E3620DF4CBAD36B9BAAAF615 /* Pods-AllAboutFoodTests.debug.xcconfig */;
			buildSettings = {
				ALWAYS_EMBED_SWIFT_STANDARD_LIBRARIES = YES;
				BUNDLE_LOADER = "$(TEST_HOST)";
				CODE_SIGN_STYLE = Automatic;
				CURRENT_PROJECT_VERSION = 1;
				GENERATE_INFOPLIST_FILE = YES;
				IPHONEOS_DEPLOYMENT_TARGET = 16.4;
				MARKETING_VERSION = 1.0;
				PRODUCT_BUNDLE_IDENTIFIER = com.arlin.AllAboutFoodTests;
				PRODUCT_NAME = "$(TARGET_NAME)";
				SWIFT_EMIT_LOC_STRINGS = NO;
				SWIFT_VERSION = 5.0;
				TARGETED_DEVICE_FAMILY = "1,2";
				TEST_HOST = "$(BUILT_PRODUCTS_DIR)/AllAboutFood.app/$(BUNDLE_EXECUTABLE_FOLDER_PATH)/AllAboutFood";
			};
			name = Debug;
		};
		BA802F8A2ABE53D10087BC6A /* Release */ = {
			isa = XCBuildConfiguration;
			baseConfigurationReference = 50083B79FCE635AB15183CEB /* Pods-AllAboutFoodTests.release.xcconfig */;
			buildSettings = {
				ALWAYS_EMBED_SWIFT_STANDARD_LIBRARIES = YES;
				BUNDLE_LOADER = "$(TEST_HOST)";
				CODE_SIGN_STYLE = Automatic;
				CURRENT_PROJECT_VERSION = 1;
				GENERATE_INFOPLIST_FILE = YES;
				IPHONEOS_DEPLOYMENT_TARGET = 16.4;
				MARKETING_VERSION = 1.0;
				PRODUCT_BUNDLE_IDENTIFIER = com.arlin.AllAboutFoodTests;
				PRODUCT_NAME = "$(TARGET_NAME)";
				SWIFT_EMIT_LOC_STRINGS = NO;
				SWIFT_VERSION = 5.0;
				TARGETED_DEVICE_FAMILY = "1,2";
				TEST_HOST = "$(BUILT_PRODUCTS_DIR)/AllAboutFood.app/$(BUNDLE_EXECUTABLE_FOLDER_PATH)/AllAboutFood";
			};
			name = Release;
		};
		BA802F8C2ABE53D10087BC6A /* Debug */ = {
			isa = XCBuildConfiguration;
			baseConfigurationReference = B2EEAD39D2A9F8E058074364 /* Pods-AllAboutFood-AllAboutFoodUITests.debug.xcconfig */;
			buildSettings = {
				ALWAYS_EMBED_SWIFT_STANDARD_LIBRARIES = YES;
				CODE_SIGN_STYLE = Automatic;
				CURRENT_PROJECT_VERSION = 1;
				GENERATE_INFOPLIST_FILE = YES;
				MARKETING_VERSION = 1.0;
				PRODUCT_BUNDLE_IDENTIFIER = com.arlin.AllAboutFoodUITests;
				PRODUCT_NAME = "$(TARGET_NAME)";
				SWIFT_EMIT_LOC_STRINGS = NO;
				SWIFT_VERSION = 5.0;
				TARGETED_DEVICE_FAMILY = "1,2";
				TEST_TARGET_NAME = AllAboutFood;
			};
			name = Debug;
		};
		BA802F8D2ABE53D10087BC6A /* Release */ = {
			isa = XCBuildConfiguration;
			baseConfigurationReference = 83FB3F4528D3755C13969D34 /* Pods-AllAboutFood-AllAboutFoodUITests.release.xcconfig */;
			buildSettings = {
				ALWAYS_EMBED_SWIFT_STANDARD_LIBRARIES = YES;
				CODE_SIGN_STYLE = Automatic;
				CURRENT_PROJECT_VERSION = 1;
				GENERATE_INFOPLIST_FILE = YES;
				MARKETING_VERSION = 1.0;
				PRODUCT_BUNDLE_IDENTIFIER = com.arlin.AllAboutFoodUITests;
				PRODUCT_NAME = "$(TARGET_NAME)";
				SWIFT_EMIT_LOC_STRINGS = NO;
				SWIFT_VERSION = 5.0;
				TARGETED_DEVICE_FAMILY = "1,2";
				TEST_TARGET_NAME = AllAboutFood;
			};
			name = Release;
		};
/* End XCBuildConfiguration section */

/* Begin XCConfigurationList section */
		BA802F562ABE53CD0087BC6A /* Build configuration list for PBXProject "AllAboutFood" */ = {
			isa = XCConfigurationList;
			buildConfigurations = (
				BA802F832ABE53D10087BC6A /* Debug */,
				BA802F842ABE53D10087BC6A /* Release */,
			);
			defaultConfigurationIsVisible = 0;
			defaultConfigurationName = Release;
		};
		BA802F852ABE53D10087BC6A /* Build configuration list for PBXNativeTarget "AllAboutFood" */ = {
			isa = XCConfigurationList;
			buildConfigurations = (
				BA802F862ABE53D10087BC6A /* Debug */,
				BA802F872ABE53D10087BC6A /* Release */,
			);
			defaultConfigurationIsVisible = 0;
			defaultConfigurationName = Release;
		};
		BA802F882ABE53D10087BC6A /* Build configuration list for PBXNativeTarget "AllAboutFoodTests" */ = {
			isa = XCConfigurationList;
			buildConfigurations = (
				BA802F892ABE53D10087BC6A /* Debug */,
				BA802F8A2ABE53D10087BC6A /* Release */,
			);
			defaultConfigurationIsVisible = 0;
			defaultConfigurationName = Release;
		};
		BA802F8B2ABE53D10087BC6A /* Build configuration list for PBXNativeTarget "AllAboutFoodUITests" */ = {
			isa = XCConfigurationList;
			buildConfigurations = (
				BA802F8C2ABE53D10087BC6A /* Debug */,
				BA802F8D2ABE53D10087BC6A /* Release */,
			);
			defaultConfigurationIsVisible = 0;
			defaultConfigurationName = Release;
		};
/* End XCConfigurationList section */

/* Begin XCRemoteSwiftPackageReference section */
		BA131C1F2ABF80ED0031DCF3 /* XCRemoteSwiftPackageReference "lottie-ios" */ = {
			isa = XCRemoteSwiftPackageReference;
			repositoryURL = "https://github.com/airbnb/lottie-ios";
			requirement = {
				kind = upToNextMajorVersion;
				minimumVersion = 4.0.0;
			};
		};
		BA131C3C2ABFF5CA0031DCF3 /* XCRemoteSwiftPackageReference "Alamofire" */ = {
			isa = XCRemoteSwiftPackageReference;
			repositoryURL = "https://github.com/Alamofire/Alamofire";
			requirement = {
				kind = upToNextMajorVersion;
				minimumVersion = 5.0.0;
			};
		};
		BA802FC12ABE6DC00087BC6A /* XCRemoteSwiftPackageReference "Kingfisher" */ = {
			isa = XCRemoteSwiftPackageReference;
			repositoryURL = "https://github.com/onevcat/Kingfisher.git";
			requirement = {
				kind = upToNextMajorVersion;
				minimumVersion = 7.0.0;
			};
		};
/* End XCRemoteSwiftPackageReference section */

/* Begin XCSwiftPackageProductDependency section */
		BA131C202ABF80ED0031DCF3 /* Lottie */ = {
			isa = XCSwiftPackageProductDependency;
			package = BA131C1F2ABF80ED0031DCF3 /* XCRemoteSwiftPackageReference "lottie-ios" */;
			productName = Lottie;
		};
		BA131C3D2ABFF5CA0031DCF3 /* Alamofire */ = {
			isa = XCSwiftPackageProductDependency;
			package = BA131C3C2ABFF5CA0031DCF3 /* XCRemoteSwiftPackageReference "Alamofire" */;
			productName = Alamofire;
		};
		BA802FC22ABE6DC00087BC6A /* Kingfisher */ = {
			isa = XCSwiftPackageProductDependency;
			package = BA802FC12ABE6DC00087BC6A /* XCRemoteSwiftPackageReference "Kingfisher" */;
			productName = Kingfisher;
		};
/* End XCSwiftPackageProductDependency section */
	};
	rootObject = BA802F532ABE53CD0087BC6A /* Project object */;
}
